
Microsoft Visual Studio Solution File, Format Version 12.00
# Visual Studio 15
Project("{FAE04EC0-301F-11D3-BF4B-00C04F79EFBC}") = "AstarPathfindingProject", "AstarPathfindingProject.csproj", "{DA245E6E-5D18-4DB5-879A-88D3FFA57194}"
EndProject
Project("{FAE04EC0-301F-11D3-BF4B-00C04F79EFBC}") = "Assembly-CSharp", "Assembly-CSharp.csproj", "{803D81D6-585C-0A70-9949-91B7EF9CF2DE}"
EndProject
Project("{FAE04EC0-301F-11D3-BF4B-00C04F79EFBC}") = "AstarPathfindingProjectEditor", "AstarPathfindingProjectEditor.csproj", "{6C936DE3-3A32-3756-0FDE-3A7D4D216A6D}"
EndProject
Project("{FAE04EC0-301F-11D3-BF4B-00C04F79EFBC}") = "PackageToolsEditor", "PackageToolsEditor.csproj", "{7488CD46-7A75-51A6-F9E1-DB25D8BD3C60}"
EndProject
Global
	GlobalSection(SolutionConfigurationPlatforms) = preSolution
		Debug|Any CPU = Debug|Any CPU
		Release|Any CPU = Release|Any CPU
	EndGlobalSection
	GlobalSection(ProjectConfigurationPlatforms) = postSolution
		{DA245E6E-5D18-4DB5-879A-88D3FFA57194}.Debug|Any CPU.ActiveCfg = Debug|Any CPU
		{DA245E6E-5D18-4DB5-879A-88D3FFA57194}.Debug|Any CPU.Build.0 = Debug|Any CPU
		{DA245E6E-5D18-4DB5-879A-88D3FFA57194}.Release|Any CPU.ActiveCfg = Release|Any CPU
		{DA245E6E-5D18-4DB5-879A-88D3FFA57194}.Release|Any CPU.Build.0 = Release|Any CPU
		{803D81D6-585C-0A70-9949-91B7EF9CF2DE}.Debug|Any CPU.ActiveCfg = Debug|Any CPU
		{803D81D6-585C-0A70-9949-91B7EF9CF2DE}.Debug|Any CPU.Build.0 = Debug|Any CPU
		{803D81D6-585C-0A70-9949-91B7EF9CF2DE}.Release|Any CPU.ActiveCfg = Release|Any CPU
		{803D81D6-585C-0A70-9949-91B7EF9CF2DE}.Release|Any CPU.Build.0 = Release|Any CPU
		{6C936DE3-3A32-3756-0FDE-3A7D4D216A6D}.Debug|Any CPU.ActiveCfg = Debug|Any CPU
		{6C936DE3-3A32-3756-0FDE-3A7D4D216A6D}.Debug|Any CPU.Build.0 = Debug|Any CPU
		{6C936DE3-3A32-3756-0FDE-3A7D4D216A6D}.Release|Any CPU.ActiveCfg = Release|Any CPU
		{6C936DE3-3A32-3756-0FDE-3A7D4D216A6D}.Release|Any CPU.Build.0 = Release|Any CPU
		{7488CD46-7A75-51A6-F9E1-DB25D8BD3C60}.Debug|Any CPU.ActiveCfg = Debug|Any CPU
		{7488CD46-7A75-51A6-F9E1-DB25D8BD3C60}.Debug|Any CPU.Build.0 = Debug|Any CPU
		{7488CD46-7A75-51A6-F9E1-DB25D8BD3C60}.Release|Any CPU.ActiveCfg = Release|Any CPU
		{7488CD46-7A75-51A6-F9E1-DB25D8BD3C60}.Release|Any CPU.Build.0 = Release|Any CPU
	EndGlobalSection
	GlobalSection(SolutionProperties) = preSolution
		HideSolutionNode = FALSE
	EndGlobalSection
EndGlobal
